
Microsoft Visual Studio Solution File, Format Version 12.00
# Visual Studio 14
VisualStudioVersion = 14.0.25420.1
MinimumVisualStudioVersion = 10.0.40219.1
Project("{FAE04EC0-301F-11D3-BF4B-00C04F79EFBC}") = "ConsolePikoDataService", "ConsolePikoDataService\ConsolePikoDataService.csproj", "{4C03CDF1-5B23-4ACE-A406-69A0E58C4F4F}"
EndProject
Project("{FAE04EC0-301F-11D3-BF4B-00C04F79EFBC}") = "PikoDataService", "PikoDataService\PikoDataService.csproj", "{658DC1BF-7848-4133-A4A5-353E13A0CE34}"
EndProject
Project("{FAE04EC0-301F-11D3-BF4B-00C04F79EFBC}") = "Piko.Data", "Piko.XML\Piko.Data.csproj", "{46572477-08AB-4095-8CCD-144352023418}"
EndProject
Project("{FAE04EC0-301F-11D3-BF4B-00C04F79EFBC}") = "Piko.MediaInfo", "Piko.MediaInfo\Piko.MediaInfo.csproj", "{D8D10C41-3215-4911-945C-BE9EA8BB8885}"
EndProject
Global
	GlobalSection(SolutionConfigurationPlatforms) = preSolution
		Debug|Any CPU = Debug|Any CPU
		Release|Any CPU = Release|Any CPU
	EndGlobalSection
	GlobalSection(ProjectConfigurationPlatforms) = postSolution
		{4C03CDF1-5B23-4ACE-A406-69A0E58C4F4F}.Debug|Any CPU.ActiveCfg = Debug|Any CPU
		{4C03CDF1-5B23-4ACE-A406-69A0E58C4F4F}.Debug|Any CPU.Build.0 = Debug|Any CPU
		{4C03CDF1-5B23-4ACE-A406-69A0E58C4F4F}.Release|Any CPU.ActiveCfg = Release|Any CPU
		{4C03CDF1-5B23-4ACE-A406-69A0E58C4F4F}.Release|Any CPU.Build.0 = Release|Any CPU
		{658DC1BF-7848-4133-A4A5-353E13A0CE34}.Debug|Any CPU.ActiveCfg = Debug|Any CPU
		{658DC1BF-7848-4133-A4A5-353E13A0CE34}.Debug|Any CPU.Build.0 = Debug|Any CPU
		{658DC1BF-7848-4133-A4A5-353E13A0CE34}.Release|Any CPU.ActiveCfg = Release|Any CPU
		{658DC1BF-7848-4133-A4A5-353E13A0CE34}.Release|Any CPU.Build.0 = Release|Any CPU
		{46572477-08AB-4095-8CCD-144352023418}.Debug|Any CPU.ActiveCfg = Debug|Any CPU
		{46572477-08AB-4095-8CCD-144352023418}.Debug|Any CPU.Build.0 = Debug|Any CPU
		{46572477-08AB-4095-8CCD-144352023418}.Release|Any CPU.ActiveCfg = Release|Any CPU
		{46572477-08AB-4095-8CCD-144352023418}.Release|Any CPU.Build.0 = Release|Any CPU
		{D8D10C41-3215-4911-945C-BE9EA8BB8885}.Debug|Any CPU.ActiveCfg = Debug|Any CPU
		{D8D10C41-3215-4911-945C-BE9EA8BB8885}.Debug|Any CPU.Build.0 = Debug|Any CPU
		{D8D10C41-3215-4911-945C-BE9EA8BB8885}.Release|Any CPU.ActiveCfg = Release|Any CPU
		{D8D10C41-3215-4911-945C-BE9EA8BB8885}.Release|Any CPU.Build.0 = Release|Any CPU
	EndGlobalSection
	GlobalSection(SolutionProperties) = preSolution
		HideSolutionNode = FALSE
	EndGlobalSection
EndGlobal
